PODS:
  - ActiveLabel (1.1.0)
  - AFNetworking (4.0.1):
    - AFNetworking/NSURLSession (= 4.0.1)
    - AFNetworking/Reachability (= 4.0.1)
    - AFNetworking/Security (= 4.0.1)
    - AFNetworking/Serialization (= 4.0.1)
    - AFNetworking/UIKit (= 4.0.1)
  - AFNetworking/NSURLSession (4.0.1):
    - AFNetworking/Reachability
    - AFNetworking/Security
    - AFNetworking/Serialization
  - AFNetworking/Reachability (4.0.1)
  - AFNetworking/Security (4.0.1)
  - AFNetworking/Serialization (4.0.1)
  - AFNetworking/UIKit (4.0.1):
    - AFNetworking/NSURLSession
  - Alamofire (5.10.2)
  - BGCocoaLumberjack (0.1.0)
  - BGURLRouter (0.1.0)
  - BITBaseTabBarController (0.1.0):
    - BITCategories
  - BITCategories (0.1.0)
  - BRPickerView (2.9.5):
    - BRPickerView/All (= 2.9.5)
  - BRPickerView/All (2.9.5):
    - BRPickerView/Default
    - BRPickerView/Deprecated
  - BRPickerView/Core (2.9.5)
  - BRPickerView/DatePicker (2.9.5):
    - BRPickerView/Core
  - BRPickerView/Default (2.9.5):
    - BRPickerView/DatePicker
    - BRPickerView/TextPicker
  - BRPickerView/Deprecated (2.9.5):
    - BRPickerView/Core
    - BRPickerView/Deprecated/AddressPickerView (= 2.9.5)
    - BRPickerView/Deprecated/Base (= 2.9.5)
    - BRPickerView/Deprecated/StringPickerView (= 2.9.5)
  - BRPickerView/Deprecated/AddressPickerView (2.9.5):
    - BRPickerView/Core
    - BRPickerView/Deprecated/Base
  - BRPickerView/Deprecated/Base (2.9.5):
    - BRPickerView/Core
  - BRPickerView/Deprecated/StringPickerView (2.9.5):
    - BRPickerView/Core
    - BRPickerView/Deprecated/Base
  - BRPickerView/TextPicker (2.9.5):
    - BRPickerView/Core
  - Cache (6.0.0)
  - DHModule (1.1.8):
    - DHModule/Manager (= 1.1.8)
    - DHModule/Module (= 1.1.8)
    - DHModule/Protocol (= 1.1.8)
    - DHModule/Router (= 1.1.8)
  - DHModule/Manager (1.1.8):
    - DHModule/Protocol
  - DHModule/Module (1.1.8):
    - DHModule/Manager
    - DHModule/Protocol
    - DHModule/Router
  - DHModule/Protocol (1.1.8)
  - DHModule/Router (1.1.8)
  - dsBridge (3.0.6)
  - EmptyDataSet-Swift (5.0.0)
  - FSCalendar (2.8.4)
  - Gifu (3.5.1)
  - GuidePageView (1.2.0)
  - HandyJSON (5.0.2)
  - HMSegmentedControl (1.5.6)
  - HZNavigationBar (2.0.5)
  - IQKeyboardCore (1.0.5)
  - IQKeyboardManagerSwift (8.0.1):
    - IQKeyboardManagerSwift/Appearance (= 8.0.1)
    - IQKeyboardManagerSwift/Core (= 8.0.1)
    - IQKeyboardManagerSwift/IQKeyboardReturnManager (= 8.0.1)
    - IQKeyboardManagerSwift/IQKeyboardToolbarManager (= 8.0.1)
    - IQKeyboardManagerSwift/IQTextView (= 8.0.1)
    - IQKeyboardManagerSwift/Resign (= 8.0.1)
  - IQKeyboardManagerSwift/Appearance (8.0.1):
    - IQKeyboardManagerSwift/Core
  - IQKeyboardManagerSwift/Core (8.0.1):
    - IQKeyboardNotification
    - IQTextInputViewNotification
  - IQKeyboardManagerSwift/IQKeyboardReturnManager (8.0.1):
    - IQKeyboardReturnManager
  - IQKeyboardManagerSwift/IQKeyboardToolbarManager (8.0.1):
    - IQKeyboardManagerSwift/Core
    - IQKeyboardToolbarManager
  - IQKeyboardManagerSwift/IQTextView (8.0.1):
    - IQTextView
  - IQKeyboardManagerSwift/Resign (8.0.1):
    - IQKeyboardManagerSwift/Core
  - IQKeyboardNotification (1.0.3)
  - IQKeyboardReturnManager (1.0.4):
    - IQKeyboardCore (= 1.0.5)
  - IQKeyboardToolbar (1.1.1):
    - IQKeyboardCore
    - IQKeyboardToolbar/Core (= 1.1.1)
  - IQKeyboardToolbar/Core (1.1.1):
    - IQKeyboardCore
    - IQKeyboardToolbar/Placeholderable
  - IQKeyboardToolbar/Placeholderable (1.1.1):
    - IQKeyboardCore
  - IQKeyboardToolbarManager (1.1.3):
    - IQKeyboardToolbar
    - IQTextInputViewNotification
  - IQTextInputViewNotification (1.0.8):
    - IQKeyboardCore
  - IQTextView (1.0.5):
    - IQKeyboardToolbar/Placeholderable
  - JXBanner (0.3.6):
    - JXBanner/Banner (= 0.3.6)
    - JXBanner/PageControl (= 0.3.6)
  - JXBanner/Banner (0.3.6):
    - JXBanner/Banner/API (= 0.3.6)
    - JXBanner/Banner/Banner (= 0.3.6)
    - JXBanner/Banner/Cell (= 0.3.6)
    - JXBanner/Banner/Common (= 0.3.6)
    - JXBanner/Banner/Transform (= 0.3.6)
  - JXBanner/Banner/API (0.3.6):
    - JXBanner/Banner/Cell
    - JXBanner/PageControl
  - JXBanner/Banner/Banner (0.3.6):
    - JXBanner/Banner/API
    - JXBanner/Banner/Common
    - JXBanner/Banner/Transform
  - JXBanner/Banner/Cell (0.3.6)
  - JXBanner/Banner/Common (0.3.6)
  - JXBanner/Banner/Transform (0.3.6):
    - JXBanner/Banner/API
  - JXBanner/PageControl (0.3.6):
    - JXPageControl
  - JXPageControl (0.1.5):
    - JXPageControl/Common (= 0.1.5)
    - JXPageControl/Jump (= 0.1.5)
    - JXPageControl/Transform (= 0.1.5)
  - JXPageControl/Common (0.1.5)
  - JXPageControl/Jump (0.1.5):
    - JXPageControl/Common
  - JXPageControl/Transform (0.1.5):
    - JXPageControl/Common
  - JXPhotoBrowser (3.1.5)
  - Kingfisher (8.3.2)
  - Masonry (1.1.0)
  - MFSCache (2.0.1):
    - MFSJSONEntity
  - MFSIdentifier (1.0.2):
    - MFSCache
  - MFSJSONEntity (1.0.6)
  - MJExtension (3.4.2)
  - MJRefresh (3.7.9)
  - ReactiveObjC (3.1.1)
  - SnapKit (5.7.1)
  - SVProgressHUD (2.3.1):
    - SVProgressHUD/Core (= 2.3.1)
  - SVProgressHUD/Core (2.3.1)
  - SwiftDate (7.0.0)
  - SwiftGen (6.6.3)
  - SwiftRichString (3.7.2)
  - YYModel (1.0.4)
  - ZLPhotoBrowser (4.6.0.1):
    - ZLPhotoBrowser/Core (= 4.6.0.1)
  - ZLPhotoBrowser/Core (4.6.0.1)

DEPENDENCIES:
  - ActiveLabel
  - AFNetworking (~> 4.0)
  - Alamofire
  - BGCocoaLumberjack (from `./Depend/BGCocoaLumberjack`)
  - BGURLRouter (from `./Depend/BGURLRouter`)
  - BITBaseTabBarController (from `./Depend/BITBaseTabBarController`)
  - BITCategories (from `./Depend/BITCategories`)
  - BRPickerView
  - Cache
  - DHModule (from `./Depend/DHModule`)
  - dsBridge
  - EmptyDataSet-Swift (~> 5.0.0)
  - FSCalendar
  - Gifu
  - GuidePageView (from `./Depend/GuidePageView`)
  - HandyJSON (~> 5.0.2)
  - HMSegmentedControl
  - HZNavigationBar
  - IQKeyboardManagerSwift
  - JXBanner
  - JXPhotoBrowser
  - Kingfisher
  - Masonry
  - MFSIdentifier (= 1.0.2)
  - MJExtension
  - MJRefresh
  - ReactiveObjC
  - SnapKit (~> 5.7.1)
  - SVProgressHUD
  - SwiftDate
  - SwiftGen
  - SwiftRichString
  - YYModel (= 1.0.4)
  - ZLPhotoBrowser

SPEC REPOS:
  trunk:
    - ActiveLabel
    - AFNetworking
    - Alamofire
    - BRPickerView
    - Cache
    - dsBridge
    - EmptyDataSet-Swift
    - FSCalendar
    - Gifu
    - HandyJSON
    - HMSegmentedControl
    - HZNavigationBar
    - IQKeyboardCore
    - IQKeyboardManagerSwift
    - IQKeyboardNotification
    - IQKeyboardReturnManager
    - IQKeyboardToolbar
    - IQKeyboardToolbarManager
    - IQTextInputViewNotification
    - IQTextView
    - JXBanner
    - JXPageControl
    - JXPhotoBrowser
    - Kingfisher
    - Masonry
    - MFSCache
    - MFSIdentifier
    - MFSJSONEntity
    - MJExtension
    - MJRefresh
    - ReactiveObjC
    - SnapKit
    - SVProgressHUD
    - SwiftDate
    - SwiftGen
    - SwiftRichString
    - YYModel
    - ZLPhotoBrowser

EXTERNAL SOURCES:
  BGCocoaLumberjack:
    :path: "./Depend/BGCocoaLumberjack"
  BGURLRouter:
    :path: "./Depend/BGURLRouter"
  BITBaseTabBarController:
    :path: "./Depend/BITBaseTabBarController"
  BITCategories:
    :path: "./Depend/BITCategories"
  DHModule:
    :path: "./Depend/DHModule"
  GuidePageView:
    :path: "./Depend/GuidePageView"

SPEC CHECKSUMS:
  ActiveLabel: 5e3f4de79a1952d4604b845a0610d4776e4b82b3
  AFNetworking: 3bd23d814e976cd148d7d44c3ab78017b744cd58
  Alamofire: 7193b3b92c74a07f85569e1a6c4f4237291e7496
  BGCocoaLumberjack: 47e6fb93b814c8a62440f3b356abbbe7b38e3689
  BGURLRouter: 9fd30fc0773c0ac4c7b417323eb29db9c315bf31
  BITBaseTabBarController: 7e809c0d242c7d64a357577dba6dca8d04e63f38
  BITCategories: 954e4d6927e02010092fad85af7bca652afac8aa
  BRPickerView: 6eb731d84385cc99c3ab4fec49af3336ed26c803
  Cache: 4ca7e00363fca5455f26534e5607634c820ffc2d
  DHModule: 5aaa4b67a19bf14481594b4d1f631c389453fa48
  dsBridge: 48b62ee8a411ad601a88d6f6c8cf6cb634b206b7
  EmptyDataSet-Swift: eb382c0c87a2d9c678077385a595cec52da38171
  FSCalendar: 2d1d0d9398f12d439f55c1fe0f01525b151b8260
  Gifu: 9f7e52357d41c0739709019eb80a71ad9aab1b6d
  GuidePageView: e4e62d15ebc8792900439db44503af1a198b0911
  HandyJSON: 9e4e236f5d2dbefad5155a77417bbea438201c03
  HMSegmentedControl: 34c1f54d822d8308e7b24f5d901ec674dfa31352
  HZNavigationBar: c94fe86431f8e2b41fa82684aa374769321f7860
  IQKeyboardCore: 28c8bf3bcd8ba5aa1570b318cbc4da94b861711e
  IQKeyboardManagerSwift: 835fc9c6e4732398113406d84900ad2e8f141218
  IQKeyboardNotification: d7382c4466c5a5adef92c7452ebf861b36050088
  IQKeyboardReturnManager: 972be48528ce9e7508ab3ab15ac7efac803f17f5
  IQKeyboardToolbar: d4bdccfb78324aec2f3920659c77bb89acd33312
  IQKeyboardToolbarManager: 6c693c8478d6327a7ef2107528d29698b3514dbb
  IQTextInputViewNotification: f5e954d8881fd9808b744e49e024cc0d4bcfe572
  IQTextView: ae13b4922f22e6f027f62c557d9f4f236b19d5c7
  JXBanner: 348dbef856e786494cbf30fb45d6b84826f2d3c5
  JXPageControl: e9487b39e2e58fc17790833214f3b8e935bef98b
  JXPhotoBrowser: a6d745f5711bde79b02ba29165e2456ab5bde476
  Kingfisher: 0621d0ac0c78fecb19f6dc5303bde2b52abaf2f5
  Masonry: 678fab65091a9290e40e2832a55e7ab731aad201
  MFSCache: 76baaca48f2283669709771967caedb8d0edb4c7
  MFSIdentifier: abc345c0ae150e00856f3e3bcedcafb257e26c4b
  MFSJSONEntity: 87c9404c87cb499de26b061f3c985eb7808bef73
  MJExtension: e97d164cb411aa9795cf576093a1fa208b4a8dd8
  MJRefresh: ff9e531227924c84ce459338414550a05d2aea78
  ReactiveObjC: 011caa393aa0383245f2dcf9bf02e86b80b36040
  SnapKit: d612e99e678a2d3b95bf60b0705ed0a35c03484a
  SVProgressHUD: 4837c74bdfe2e51e8821c397825996a8d7de6e22
  SwiftDate: bbc26e26fc8c0c33fbee8c140c5e8a68293a148a
  SwiftGen: 4993cbf71cbc4886f775e26f8d5c3a1188ec9f99
  SwiftRichString: d61b807db1f8834c26fee92b6dd3e1be2dc5af03
  YYModel: 2a7fdd96aaa4b86a824e26d0c517de8928c04b30
  ZLPhotoBrowser: 20f32e6429448cc1c008795a1b55472d5772939c

PODFILE CHECKSUM: d28ef27360938e706a8a6150060bdddcc71a00ab

COCOAPODS: 1.13.0
